
Microsoft Visual Studio Solution File, Format Version 12.00
# Visual Studio Version 17
VisualStudioVersion = 17.10.35122.118
MinimumVisualStudioVersion = 10.0.40219.1
Project("{FAE04EC0-301F-11D3-BF4B-00C04F79EFBC}") = "saeproyect.Android", "saeproyect.Android\saeproyect.Android.csproj", "{2B035BF5-5443-487C-A7CB-79D754B7CEDA}"
EndProject
Project("{FAE04EC0-301F-11D3-BF4B-00C04F79EFBC}") = "saeproyect.iOS", "saeproyect.iOS\saeproyect.iOS.csproj", "{72CE169A-AA3B-4EC3-8FC3-DA947F24E70A}"
EndProject
Project("{FAE04EC0-301F-11D3-BF4B-00C04F79EFBC}") = "saeproyect", "saeproyect\saeproyect.csproj", "{7E6FC036-66E2-4BAB-9CE1-E7FFFFC2B36B}"
EndProject
Global
	GlobalSection(SolutionConfigurationPlatforms) = preSolution
		Debug|Any CPU = Debug|Any CPU
		Debug|iPhone = Debug|iPhone
		Debug|iPhoneSimulator = Debug|iPhoneSimulator
		Release|Any CPU = Release|Any CPU
		Release|iPhone = Release|iPhone
		Release|iPhoneSimulator = Release|iPhoneSimulator
	EndGlobalSection
	GlobalSection(ProjectConfigurationPlatforms) = postSolution
		{2B035BF5-5443-487C-A7CB-79D754B7CEDA}.Debug|Any CPU.ActiveCfg = Debug|Any CPU
		{2B035BF5-5443-487C-A7CB-79D754B7CEDA}.Debug|Any CPU.Build.0 = Debug|Any CPU
		{2B035BF5-5443-487C-A7CB-79D754B7CEDA}.Debug|Any CPU.Deploy.0 = Debug|Any CPU
		{2B035BF5-5443-487C-A7CB-79D754B7CEDA}.Debug|iPhone.ActiveCfg = Debug|Any CPU
		{2B035BF5-5443-487C-A7CB-79D754B7CEDA}.Debug|iPhone.Build.0 = Debug|Any CPU
		{2B035BF5-5443-487C-A7CB-79D754B7CEDA}.Debug|iPhone.Deploy.0 = Debug|Any CPU
		{2B035BF5-5443-487C-A7CB-79D754B7CEDA}.Debug|iPhoneSimulator.ActiveCfg = Debug|Any CPU
		{2B035BF5-5443-487C-A7CB-79D754B7CEDA}.Debug|iPhoneSimulator.Build.0 = Debug|Any CPU
		{2B035BF5-5443-487C-A7CB-79D754B7CEDA}.Debug|iPhoneSimulator.Deploy.0 = Debug|Any CPU
		{2B035BF5-5443-487C-A7CB-79D754B7CEDA}.Release|Any CPU.ActiveCfg = Release|Any CPU
		{2B035BF5-5443-487C-A7CB-79D754B7CEDA}.Release|Any CPU.Build.0 = Release|Any CPU
		{2B035BF5-5443-487C-A7CB-79D754B7CEDA}.Release|Any CPU.Deploy.0 = Release|Any CPU
		{2B035BF5-5443-487C-A7CB-79D754B7CEDA}.Release|iPhone.ActiveCfg = Release|Any CPU
		{2B035BF5-5443-487C-A7CB-79D754B7CEDA}.Release|iPhone.Build.0 = Release|Any CPU
		{2B035BF5-5443-487C-A7CB-79D754B7CEDA}.Release|iPhone.Deploy.0 = Release|Any CPU
		{2B035BF5-5443-487C-A7CB-79D754B7CEDA}.Release|iPhoneSimulator.ActiveCfg = Release|Any CPU
		{2B035BF5-5443-487C-A7CB-79D754B7CEDA}.Release|iPhoneSimulator.Build.0 = Release|Any CPU
		{2B035BF5-5443-487C-A7CB-79D754B7CEDA}.Release|iPhoneSimulator.Deploy.0 = Release|Any CPU
		{72CE169A-AA3B-4EC3-8FC3-DA947F24E70A}.Debug|Any CPU.ActiveCfg = Debug|iPhone
		{72CE169A-AA3B-4EC3-8FC3-DA947F24E70A}.Debug|Any CPU.Build.0 = Debug|iPhone
		{72CE169A-AA3B-4EC3-8FC3-DA947F24E70A}.Debug|Any CPU.Deploy.0 = Debug|iPhone
		{72CE169A-AA3B-4EC3-8FC3-DA947F24E70A}.Debug|iPhone.ActiveCfg = Debug|iPhone
		{72CE169A-AA3B-4EC3-8FC3-DA947F24E70A}.Debug|iPhone.Build.0 = Debug|iPhone
		{72CE169A-AA3B-4EC3-8FC3-DA947F24E70A}.Debug|iPhone.Deploy.0 = Debug|iPhone
		{72CE169A-AA3B-4EC3-8FC3-DA947F24E70A}.Debug|iPhoneSimulator.ActiveCfg = Debug|iPhoneSimulator
		{72CE169A-AA3B-4EC3-8FC3-DA947F24E70A}.Debug|iPhoneSimulator.Build.0 = Debug|iPhoneSimulator
		{72CE169A-AA3B-4EC3-8FC3-DA947F24E70A}.Debug|iPhoneSimulator.Deploy.0 = Debug|iPhoneSimulator
		{72CE169A-AA3B-4EC3-8FC3-DA947F24E70A}.Release|Any CPU.ActiveCfg = Release|iPhoneSimulator
		{72CE169A-AA3B-4EC3-8FC3-DA947F24E70A}.Release|Any CPU.Build.0 = Release|iPhoneSimulator
		{72CE169A-AA3B-4EC3-8FC3-DA947F24E70A}.Release|Any CPU.Deploy.0 = Release|iPhoneSimulator
		{72CE169A-AA3B-4EC3-8FC3-DA947F24E70A}.Release|iPhone.ActiveCfg = Release|iPhone
		{72CE169A-AA3B-4EC3-8FC3-DA947F24E70A}.Release|iPhone.Build.0 = Release|iPhone
		{72CE169A-AA3B-4EC3-8FC3-DA947F24E70A}.Release|iPhone.Deploy.0 = Release|iPhone
		{72CE169A-AA3B-4EC3-8FC3-DA947F24E70A}.Release|iPhoneSimulator.ActiveCfg = Release|iPhoneSimulator
		{72CE169A-AA3B-4EC3-8FC3-DA947F24E70A}.Release|iPhoneSimulator.Build.0 = Release|iPhoneSimulator
		{72CE169A-AA3B-4EC3-8FC3-DA947F24E70A}.Release|iPhoneSimulator.Deploy.0 = Release|iPhoneSimulator
		{7E6FC036-66E2-4BAB-9CE1-E7FFFFC2B36B}.Debug|Any CPU.ActiveCfg = Debug|Any CPU
		{7E6FC036-66E2-4BAB-9CE1-E7FFFFC2B36B}.Debug|Any CPU.Build.0 = Debug|Any CPU
		{7E6FC036-66E2-4BAB-9CE1-E7FFFFC2B36B}.Debug|Any CPU.Deploy.0 = Debug|Any CPU
		{7E6FC036-66E2-4BAB-9CE1-E7FFFFC2B36B}.Debug|iPhone.ActiveCfg = Debug|Any CPU
		{7E6FC036-66E2-4BAB-9CE1-E7FFFFC2B36B}.Debug|iPhone.Build.0 = Debug|Any CPU
		{7E6FC036-66E2-4BAB-9CE1-E7FFFFC2B36B}.Debug|iPhone.Deploy.0 = Debug|Any CPU
		{7E6FC036-66E2-4BAB-9CE1-E7FFFFC2B36B}.Debug|iPhoneSimulator.ActiveCfg = Debug|Any CPU
		{7E6FC036-66E2-4BAB-9CE1-E7FFFFC2B36B}.Debug|iPhoneSimulator.Build.0 = Debug|Any CPU
		{7E6FC036-66E2-4BAB-9CE1-E7FFFFC2B36B}.Debug|iPhoneSimulator.Deploy.0 = Debug|Any CPU
		{7E6FC036-66E2-4BAB-9CE1-E7FFFFC2B36B}.Release|Any CPU.ActiveCfg = Release|Any CPU
		{7E6FC036-66E2-4BAB-9CE1-E7FFFFC2B36B}.Release|Any CPU.Build.0 = Release|Any CPU
		{7E6FC036-66E2-4BAB-9CE1-E7FFFFC2B36B}.Release|Any CPU.Deploy.0 = Release|Any CPU
		{7E6FC036-66E2-4BAB-9CE1-E7FFFFC2B36B}.Release|iPhone.ActiveCfg = Release|Any CPU
		{7E6FC036-66E2-4BAB-9CE1-E7FFFFC2B36B}.Release|iPhone.Build.0 = Release|Any CPU
		{7E6FC036-66E2-4BAB-9CE1-E7FFFFC2B36B}.Release|iPhone.Deploy.0 = Release|Any CPU
		{7E6FC036-66E2-4BAB-9CE1-E7FFFFC2B36B}.Release|iPhoneSimulator.ActiveCfg = Release|Any CPU
		{7E6FC036-66E2-4BAB-9CE1-E7FFFFC2B36B}.Release|iPhoneSimulator.Build.0 = Release|Any CPU
		{7E6FC036-66E2-4BAB-9CE1-E7FFFFC2B36B}.Release|iPhoneSimulator.Deploy.0 = Release|Any CPU
	EndGlobalSection
	GlobalSection(SolutionProperties) = preSolution
		HideSolutionNode = FALSE
	EndGlobalSection
	GlobalSection(ExtensibilityGlobals) = postSolution
		SolutionGuid = {26CDB2BC-5043-405A-8CEA-ECBF18084180}
	EndGlobalSection
EndGlobal
